
Microsoft Visual Studio Solution File, Format Version 12.00
# Visual Studio Version 17
VisualStudioVersion = 17.5.33627.172
MinimumVisualStudioVersion = 10.0.40219.1
Project("{8BC9CEB8-8B4A-11D0-8D11-00A0C91BC942}") = "smart_array", "smart_array.vcxproj", "{0B7A19F8-5C1B-4EAF-B2DE-C3878F3CB533}"
EndProject
Project("{8BC9CEB8-8B4A-11D0-8D11-00A0C91BC942}") = "sArray_client", "..\sArray_client\sArray_client.vcxproj", "{470ECAA5-03F3-454E-8B5E-F4A79B800629}"
EndProject
Global
	GlobalSection(SolutionConfigurationPlatforms) = preSolution
		Debug|x64 = Debug|x64
		Debug|x86 = Debug|x86
		Release|x64 = Release|x64
		Release|x86 = Release|x86
	EndGlobalSection
	GlobalSection(ProjectConfigurationPlatforms) = postSolution
		{0B7A19F8-5C1B-4EAF-B2DE-C3878F3CB533}.Debug|x64.ActiveCfg = Debug|x64
		{0B7A19F8-5C1B-4EAF-B2DE-C3878F3CB533}.Debug|x64.Build.0 = Debug|x64
		{0B7A19F8-5C1B-4EAF-B2DE-C3878F3CB533}.Debug|x86.ActiveCfg = Debug|Win32
		{0B7A19F8-5C1B-4EAF-B2DE-C3878F3CB533}.Debug|x86.Build.0 = Debug|Win32
		{0B7A19F8-5C1B-4EAF-B2DE-C3878F3CB533}.Release|x64.ActiveCfg = Release|x64
		{0B7A19F8-5C1B-4EAF-B2DE-C3878F3CB533}.Release|x64.Build.0 = Release|x64
		{0B7A19F8-5C1B-4EAF-B2DE-C3878F3CB533}.Release|x86.ActiveCfg = Release|Win32
		{0B7A19F8-5C1B-4EAF-B2DE-C3878F3CB533}.Release|x86.Build.0 = Release|Win32
		{470ECAA5-03F3-454E-8B5E-F4A79B800629}.Debug|x64.ActiveCfg = Debug|x64
		{470ECAA5-03F3-454E-8B5E-F4A79B800629}.Debug|x64.Build.0 = Debug|x64
		{470ECAA5-03F3-454E-8B5E-F4A79B800629}.Debug|x86.ActiveCfg = Debug|Win32
		{470ECAA5-03F3-454E-8B5E-F4A79B800629}.Debug|x86.Build.0 = Debug|Win32
		{470ECAA5-03F3-454E-8B5E-F4A79B800629}.Release|x64.ActiveCfg = Release|x64
		{470ECAA5-03F3-454E-8B5E-F4A79B800629}.Release|x64.Build.0 = Release|x64
		{470ECAA5-03F3-454E-8B5E-F4A79B800629}.Release|x86.ActiveCfg = Release|Win32
		{470ECAA5-03F3-454E-8B5E-F4A79B800629}.Release|x86.Build.0 = Release|Win32
	EndGlobalSection
	GlobalSection(SolutionProperties) = preSolution
		HideSolutionNode = FALSE
	EndGlobalSection
	GlobalSection(ExtensibilityGlobals) = postSolution
		SolutionGuid = {6FF8F2E6-8BE8-4653-AD6D-005CEE751DEC}
	EndGlobalSection
EndGlobal
